
Microsoft Visual Studio Solution File, Format Version 12.00
# Visual Studio Version 17
VisualStudioVersion = 17.12.35527.113 d17.12
MinimumVisualStudioVersion = 10.0.40219.1
Project("{FAE04EC0-301F-11D3-BF4B-00C04F79EFBC}") = "Syriana_Web", "Syriana_Web\Syriana_Web.csproj", "{28DE1476-A2BB-44A4-8A76-2337F0EEA766}"
EndProject
Global
	GlobalSection(SolutionConfigurationPlatforms) = preSolution
		Debug|Any CPU = Debug|Any CPU
		Release|Any CPU = Release|Any CPU
	EndGlobalSection
	GlobalSection(ProjectConfigurationPlatforms) = postSolution
		{28DE1476-A2BB-44A4-8A76-2337F0EEA766}.Debug|Any CPU.ActiveCfg = Debug|Any CPU
		{28DE1476-A2BB-44A4-8A76-2337F0EEA766}.Debug|Any CPU.Build.0 = Debug|Any CPU
		{28DE1476-A2BB-44A4-8A76-2337F0EEA766}.Release|Any CPU.ActiveCfg = Release|Any CPU
		{28DE1476-A2BB-44A4-8A76-2337F0EEA766}.Release|Any CPU.Build.0 = Release|Any CPU
	EndGlobalSection
	GlobalSection(SolutionProperties) = preSolution
		HideSolutionNode = FALSE
	EndGlobalSection
EndGlobal
